
Microsoft Visual Studio Solution File, Format Version 12.00
# Visual Studio Version 16
VisualStudioVersion = 16.0.29728.190
MinimumVisualStudioVersion = 10.0.40219.1
Project("{FAE04EC0-301F-11D3-BF4B-00C04F79EFBC}") = "XamarinSigandLogPage.Android", "XamarinSigandLogPage\XamarinSigandLogPage.Android\XamarinSigandLogPage.Android.csproj", "{5017CF88-D43F-4C85-8E23-6DC9001F4224}"
EndProject
Project("{FAE04EC0-301F-11D3-BF4B-00C04F79EFBC}") = "XamarinSigandLogPage.iOS", "XamarinSigandLogPage\XamarinSigandLogPage.iOS\XamarinSigandLogPage.iOS.csproj", "{69105AF7-407C-4AD8-8E3F-3131A17D2854}"
EndProject
Project("{FAE04EC0-301F-11D3-BF4B-00C04F79EFBC}") = "XamarinSigandLogPage", "XamarinSigandLogPage\XamarinSigandLogPage\XamarinSigandLogPage.csproj", "{329AF45D-B672-40A3-8E02-FC53D4F0B208}"
EndProject
Global
	GlobalSection(SolutionConfigurationPlatforms) = preSolution
		Debug|Any CPU = Debug|Any CPU
		Debug|iPhone = Debug|iPhone
		Debug|iPhoneSimulator = Debug|iPhoneSimulator
		Release|Any CPU = Release|Any CPU
		Release|iPhone = Release|iPhone
		Release|iPhoneSimulator = Release|iPhoneSimulator
	EndGlobalSection
	GlobalSection(ProjectConfigurationPlatforms) = postSolution
		{5017CF88-D43F-4C85-8E23-6DC9001F4224}.Debug|Any CPU.ActiveCfg = Debug|Any CPU
		{5017CF88-D43F-4C85-8E23-6DC9001F4224}.Debug|Any CPU.Build.0 = Debug|Any CPU
		{5017CF88-D43F-4C85-8E23-6DC9001F4224}.Debug|Any CPU.Deploy.0 = Debug|Any CPU
		{5017CF88-D43F-4C85-8E23-6DC9001F4224}.Debug|iPhone.ActiveCfg = Debug|Any CPU
		{5017CF88-D43F-4C85-8E23-6DC9001F4224}.Debug|iPhone.Build.0 = Debug|Any CPU
		{5017CF88-D43F-4C85-8E23-6DC9001F4224}.Debug|iPhone.Deploy.0 = Debug|Any CPU
		{5017CF88-D43F-4C85-8E23-6DC9001F4224}.Debug|iPhoneSimulator.ActiveCfg = Debug|Any CPU
		{5017CF88-D43F-4C85-8E23-6DC9001F4224}.Debug|iPhoneSimulator.Build.0 = Debug|Any CPU
		{5017CF88-D43F-4C85-8E23-6DC9001F4224}.Debug|iPhoneSimulator.Deploy.0 = Debug|Any CPU
		{5017CF88-D43F-4C85-8E23-6DC9001F4224}.Release|Any CPU.ActiveCfg = Release|Any CPU
		{5017CF88-D43F-4C85-8E23-6DC9001F4224}.Release|Any CPU.Build.0 = Release|Any CPU
		{5017CF88-D43F-4C85-8E23-6DC9001F4224}.Release|Any CPU.Deploy.0 = Release|Any CPU
		{5017CF88-D43F-4C85-8E23-6DC9001F4224}.Release|iPhone.ActiveCfg = Release|Any CPU
		{5017CF88-D43F-4C85-8E23-6DC9001F4224}.Release|iPhone.Build.0 = Release|Any CPU
		{5017CF88-D43F-4C85-8E23-6DC9001F4224}.Release|iPhone.Deploy.0 = Release|Any CPU
		{5017CF88-D43F-4C85-8E23-6DC9001F4224}.Release|iPhoneSimulator.ActiveCfg = Release|Any CPU
		{5017CF88-D43F-4C85-8E23-6DC9001F4224}.Release|iPhoneSimulator.Build.0 = Release|Any CPU
		{5017CF88-D43F-4C85-8E23-6DC9001F4224}.Release|iPhoneSimulator.Deploy.0 = Release|Any CPU
		{69105AF7-407C-4AD8-8E3F-3131A17D2854}.Debug|Any CPU.ActiveCfg = Debug|iPhoneSimulator
		{69105AF7-407C-4AD8-8E3F-3131A17D2854}.Debug|Any CPU.Build.0 = Debug|iPhoneSimulator
		{69105AF7-407C-4AD8-8E3F-3131A17D2854}.Debug|Any CPU.Deploy.0 = Debug|iPhoneSimulator
		{69105AF7-407C-4AD8-8E3F-3131A17D2854}.Debug|iPhone.ActiveCfg = Debug|iPhone
		{69105AF7-407C-4AD8-8E3F-3131A17D2854}.Debug|iPhone.Build.0 = Debug|iPhone
		{69105AF7-407C-4AD8-8E3F-3131A17D2854}.Debug|iPhone.Deploy.0 = Debug|iPhone
		{69105AF7-407C-4AD8-8E3F-3131A17D2854}.Debug|iPhoneSimulator.ActiveCfg = Debug|iPhoneSimulator
		{69105AF7-407C-4AD8-8E3F-3131A17D2854}.Debug|iPhoneSimulator.Build.0 = Debug|iPhoneSimulator
		{69105AF7-407C-4AD8-8E3F-3131A17D2854}.Debug|iPhoneSimulator.Deploy.0 = Debug|iPhoneSimulator
		{69105AF7-407C-4AD8-8E3F-3131A17D2854}.Release|Any CPU.ActiveCfg = Release|iPhone
		{69105AF7-407C-4AD8-8E3F-3131A17D2854}.Release|Any CPU.Build.0 = Release|iPhone
		{69105AF7-407C-4AD8-8E3F-3131A17D2854}.Release|Any CPU.Deploy.0 = Release|iPhone
		{69105AF7-407C-4AD8-8E3F-3131A17D2854}.Release|iPhone.ActiveCfg = Release|iPhone
		{69105AF7-407C-4AD8-8E3F-3131A17D2854}.Release|iPhone.Build.0 = Release|iPhone
		{69105AF7-407C-4AD8-8E3F-3131A17D2854}.Release|iPhone.Deploy.0 = Release|iPhone
		{69105AF7-407C-4AD8-8E3F-3131A17D2854}.Release|iPhoneSimulator.ActiveCfg = Release|iPhoneSimulator
		{69105AF7-407C-4AD8-8E3F-3131A17D2854}.Release|iPhoneSimulator.Build.0 = Release|iPhoneSimulator
		{69105AF7-407C-4AD8-8E3F-3131A17D2854}.Release|iPhoneSimulator.Deploy.0 = Release|iPhoneSimulator
		{329AF45D-B672-40A3-8E02-FC53D4F0B208}.Debug|Any CPU.ActiveCfg = Debug|Any CPU
		{329AF45D-B672-40A3-8E02-FC53D4F0B208}.Debug|Any CPU.Build.0 = Debug|Any CPU
		{329AF45D-B672-40A3-8E02-FC53D4F0B208}.Debug|Any CPU.Deploy.0 = Debug|Any CPU
		{329AF45D-B672-40A3-8E02-FC53D4F0B208}.Debug|iPhone.ActiveCfg = Debug|Any CPU
		{329AF45D-B672-40A3-8E02-FC53D4F0B208}.Debug|iPhone.Build.0 = Debug|Any CPU
		{329AF45D-B672-40A3-8E02-FC53D4F0B208}.Debug|iPhone.Deploy.0 = Debug|Any CPU
		{329AF45D-B672-40A3-8E02-FC53D4F0B208}.Debug|iPhoneSimulator.ActiveCfg = Debug|Any CPU
		{329AF45D-B672-40A3-8E02-FC53D4F0B208}.Debug|iPhoneSimulator.Build.0 = Debug|Any CPU
		{329AF45D-B672-40A3-8E02-FC53D4F0B208}.Debug|iPhoneSimulator.Deploy.0 = Debug|Any CPU
		{329AF45D-B672-40A3-8E02-FC53D4F0B208}.Release|Any CPU.ActiveCfg = Release|Any CPU
		{329AF45D-B672-40A3-8E02-FC53D4F0B208}.Release|Any CPU.Build.0 = Release|Any CPU
		{329AF45D-B672-40A3-8E02-FC53D4F0B208}.Release|Any CPU.Deploy.0 = Release|Any CPU
		{329AF45D-B672-40A3-8E02-FC53D4F0B208}.Release|iPhone.ActiveCfg = Release|Any CPU
		{329AF45D-B672-40A3-8E02-FC53D4F0B208}.Release|iPhone.Build.0 = Release|Any CPU
		{329AF45D-B672-40A3-8E02-FC53D4F0B208}.Release|iPhone.Deploy.0 = Release|Any CPU
		{329AF45D-B672-40A3-8E02-FC53D4F0B208}.Release|iPhoneSimulator.ActiveCfg = Release|Any CPU
		{329AF45D-B672-40A3-8E02-FC53D4F0B208}.Release|iPhoneSimulator.Build.0 = Release|Any CPU
		{329AF45D-B672-40A3-8E02-FC53D4F0B208}.Release|iPhoneSimulator.Deploy.0 = Release|Any CPU
	EndGlobalSection
	GlobalSection(SolutionProperties) = preSolution
		HideSolutionNode = FALSE
	EndGlobalSection
	GlobalSection(ExtensibilityGlobals) = postSolution
		SolutionGuid = {05165599-45A6-4BA2-9CED-D0EEEDBF35AD}
	EndGlobalSection
EndGlobal
